
Microsoft Visual Studio Solution File, Format Version 12.00
# Visual Studio Version 16
VisualStudioVersion = 16.0.32228.343
MinimumVisualStudioVersion = 10.0.40219.1
Project("{FAE04EC0-301F-11D3-BF4B-00C04F79EFBC}") = "CircuitRecogniser", "CircuitRecogniser\CircuitRecogniser.csproj", "{7685D577-80E1-409D-A7B0-D8085DD1F117}"
EndProject
Global
	GlobalSection(SolutionConfigurationPlatforms) = preSolution
		Debug|Any CPU = Debug|Any CPU
		Release|Any CPU = Release|Any CPU
	EndGlobalSection
	GlobalSection(ProjectConfigurationPlatforms) = postSolution
		{7685D577-80E1-409D-A7B0-D8085DD1F117}.Debug|Any CPU.ActiveCfg = Debug|Any CPU
		{7685D577-80E1-409D-A7B0-D8085DD1F117}.Debug|Any CPU.Build.0 = Debug|Any CPU
		{7685D577-80E1-409D-A7B0-D8085DD1F117}.Release|Any CPU.ActiveCfg = Release|Any CPU
		{7685D577-80E1-409D-A7B0-D8085DD1F117}.Release|Any CPU.Build.0 = Release|Any CPU
	EndGlobalSection
	GlobalSection(SolutionProperties) = preSolution
		HideSolutionNode = FALSE
	EndGlobalSection
	GlobalSection(ExtensibilityGlobals) = postSolution
		SolutionGuid = {E388B3DE-DB65-410E-B0A2-DB74764026A1}
	EndGlobalSection
EndGlobal
